// !$*UTF8*$!
{
	archiveVersion = 1;
	classes = {
	};
	objectVersion = 46;
	objects = {

/* Begin PBXBuildFile section */
		0D5ABF003C2A641A73A07A47 /* Pods_ReverSing.framework in Frameworks */ = {isa = PBXBuildFile; fileRef = 41EEE9475ABD6248500DF438 /* Pods_ReverSing.framework */; };
		2E3E5FB01DCAD73500198C9B /* AppDelegate.swift in Sources */ = {isa = PBXBuildFile; fileRef = 2E3E5FAE1DCAD73500198C9B /* AppDelegate.swift */; };
		2E3E5FB11DCAD73500198C9B /* ViewController.swift in Sources */ = {isa = PBXBuildFile; fileRef = 2E3E5FAF1DCAD73500198C9B /* ViewController.swift */; };
		2E3E5FB91DCAD79F00198C9B /* Assets.xcassets in Resources */ = {isa = PBXBuildFile; fileRef = 2E3E5FB41DCAD79F00198C9B /* Assets.xcassets */; };
		2E3E5FBA1DCAD79F00198C9B /* LaunchScreen.storyboard in Resources */ = {isa = PBXBuildFile; fileRef = 2E3E5FB71DCAD79F00198C9B /* LaunchScreen.storyboard */; };
		2E3E5FBB1DCAD79F00198C9B /* Main.storyboard in Resources */ = {isa = PBXBuildFile; fileRef = 2E3E5FB81DCAD79F00198C9B /* Main.storyboard */; };
		2E3E5FC21DCADB4E00198C9B /* R.generated.swift in Sources */ = {isa = PBXBuildFile; fileRef = 2E3E5FC11DCADB4E00198C9B /* R.generated.swift */; };
/* End PBXBuildFile section */

/* Begin PBXFileReference section */
		0A07DEC5C7C40836C8A5A6E5 /* Pods-ReverSing.debug.xcconfig */ = {isa = PBXFileReference; includeInIndex = 1; lastKnownFileType = text.xcconfig; name = "Pods-ReverSing.debug.xcconfig"; path = "Pods/Target Support Files/Pods-ReverSing/Pods-ReverSing.debug.xcconfig"; sourceTree = "<group>"; };
		2E3E5F981DCAD61C00198C9B /* ReverSing.app */ = {isa = PBXFileReference; explicitFileType = wrapper.application; includeInIndex = 0; path = ReverSing.app; sourceTree = BUILT_PRODUCTS_DIR; };
		2E3E5FAE1DCAD73500198C9B /* AppDelegate.swift */ = {isa = PBXFileReference; fileEncoding = 4; lastKnownFileType = sourcecode.swift; path = AppDelegate.swift; sourceTree = "<group>"; };
		2E3E5FAF1DCAD73500198C9B /* ViewController.swift */ = {isa = PBXFileReference; fileEncoding = 4; lastKnownFileType = sourcecode.swift; path = ViewController.swift; sourceTree = "<group>"; };
		2E3E5FB41DCAD79F00198C9B /* Assets.xcassets */ = {isa = PBXFileReference; lastKnownFileType = folder.assetcatalog; path = Assets.xcassets; sourceTree = "<group>"; };
		2E3E5FB71DCAD79F00198C9B /* LaunchScreen.storyboard */ = {isa = PBXFileReference; fileEncoding = 4; lastKnownFileType = file.storyboard; path = LaunchScreen.storyboard; sourceTree = "<group>"; };
		2E3E5FB81DCAD79F00198C9B /* Main.storyboard */ = {isa = PBXFileReference; fileEncoding = 4; lastKnownFileType = file.storyboard; path = Main.storyboard; sourceTree = "<group>"; };
		2E3E5FBE1DCAD8AB00198C9B /* Info.plist */ = {isa = PBXFileReference; fileEncoding = 4; lastKnownFileType = text.plist.xml; path = Info.plist; sourceTree = "<group>"; };
		2E3E5FC11DCADB4E00198C9B /* R.generated.swift */ = {isa = PBXFileReference; fileEncoding = 4; lastKnownFileType = sourcecode.swift; path = R.generated.swift; sourceTree = "<group>"; };
		2E3E5FC31DCADBC300198C9B /* Podfile */ = {isa = PBXFileReference; explicitFileType = text.script.ruby; path = Podfile; sourceTree = SOURCE_ROOT; };
		2E3E5FC61DCAE64C00198C9B /* Rambafile */ = {isa = PBXFileReference; lastKnownFileType = text; path = Rambafile; sourceTree = SOURCE_ROOT; };
		41EEE9475ABD6248500DF438 /* Pods_ReverSing.framework */ = {isa = PBXFileReference; explicitFileType = wrapper.framework; includeInIndex = 0; path = Pods_ReverSing.framework; sourceTree = BUILT_PRODUCTS_DIR; };
		BE5C5C8A14C8198B6A4222AD /* Pods-ReverSing.release.xcconfig */ = {isa = PBXFileReference; includeInIndex = 1; lastKnownFileType = text.xcconfig; name = "Pods-ReverSing.release.xcconfig"; path = "Pods/Target Support Files/Pods-ReverSing/Pods-ReverSing.release.xcconfig"; sourceTree = "<group>"; };
/* End PBXFileReference section */

/* Begin PBXFrameworksBuildPhase section */
		2E3E5F951DCAD61C00198C9B /* Frameworks */ = {
			isa = PBXFrameworksBuildPhase;
			buildActionMask = 2147483647;
			files = (
				0D5ABF003C2A641A73A07A47 /* Pods_ReverSing.framework in Frameworks */,
			);
			runOnlyForDeploymentPostprocessing = 0;
		};
/* End PBXFrameworksBuildPhase section */

/* Begin PBXGroup section */
		23C05087168CD35221100691 /* Pods */ = {
			isa = PBXGroup;
			children = (
				0A07DEC5C7C40836C8A5A6E5 /* Pods-ReverSing.debug.xcconfig */,
				BE5C5C8A14C8198B6A4222AD /* Pods-ReverSing.release.xcconfig */,
			);
			name = Pods;
			sourceTree = "<group>";
		};
		2E3E5F8F1DCAD61C00198C9B = {
			isa = PBXGroup;
			children = (
				2E3E5F9A1DCAD61C00198C9B /* ReverSing */,
				2E3E5F991DCAD61C00198C9B /* Products */,
				23C05087168CD35221100691 /* Pods */,
				9C0D6FBEFD6323E352D9E280 /* Frameworks */,
			);
			sourceTree = "<group>";
		};
		2E3E5F991DCAD61C00198C9B /* Products */ = {
			isa = PBXGroup;
			children = (
				2E3E5F981DCAD61C00198C9B /* ReverSing.app */,
			);
			name = Products;
			sourceTree = "<group>";
		};
		2E3E5F9A1DCAD61C00198C9B /* ReverSing */ = {
			isa = PBXGroup;
			children = (
				2E3E5FAD1DCAD73500198C9B /* Classes */,
				2E3E5FB21DCAD79F00198C9B /* Resources */,
				2E3E5FC41DCADBCD00198C9B /* Support */,
			);
			path = ReverSing;
			sourceTree = "<group>";
		};
		2E3E5FAD1DCAD73500198C9B /* Classes */ = {
			isa = PBXGroup;
			children = (
				2E3E5FAE1DCAD73500198C9B /* AppDelegate.swift */,
				2E3E5FAF1DCAD73500198C9B /* ViewController.swift */,
				C4052D48CADAC480DE052573 /* Presentation */,
			);
			path = Classes;
			sourceTree = "<group>";
		};
		2E3E5FB21DCAD79F00198C9B /* Resources */ = {
			isa = PBXGroup;
			children = (
				2E3E5FB31DCAD79F00198C9B /* Assets */,
				2E3E5FB51DCAD79F00198C9B /* Generated */,
				2E3E5FB61DCAD79F00198C9B /* Storyboards */,
			);
			path = Resources;
			sourceTree = "<group>";
		};
		2E3E5FB31DCAD79F00198C9B /* Assets */ = {
			isa = PBXGroup;
			children = (
				2E3E5FB41DCAD79F00198C9B /* Assets.xcassets */,
			);
			path = Assets;
			sourceTree = "<group>";
		};
		2E3E5FB51DCAD79F00198C9B /* Generated */ = {
			isa = PBXGroup;
			children = (
				2E3E5FC11DCADB4E00198C9B /* R.generated.swift */,
			);
			path = Generated;
			sourceTree = "<group>";
		};
		2E3E5FB61DCAD79F00198C9B /* Storyboards */ = {
			isa = PBXGroup;
			children = (
				2E3E5FB71DCAD79F00198C9B /* LaunchScreen.storyboard */,
				2E3E5FB81DCAD79F00198C9B /* Main.storyboard */,
			);
			path = Storyboards;
			sourceTree = "<group>";
		};
		2E3E5FC41DCADBCD00198C9B /* Support */ = {
			isa = PBXGroup;
			children = (
				2E3E5FC61DCAE64C00198C9B /* Rambafile */,
				2E3E5FC31DCADBC300198C9B /* Podfile */,
				2E3E5FBE1DCAD8AB00198C9B /* Info.plist */,
			);
			name = Support;
			sourceTree = "<group>";
		};
		9C0D6FBEFD6323E352D9E280 /* Frameworks */ = {
			isa = PBXGroup;
			children = (
				41EEE9475ABD6248500DF438 /* Pods_ReverSing.framework */,
			);
			name = Frameworks;
			sourceTree = "<group>";
		};
		C4052D48CADAC480DE052573 /* Presentation */ = {
			isa = PBXGroup;
			children = (
				CF6CEA36D1E1A9410DFDED10 /* User Stories */,
			);
			path = Presentation;
			sourceTree = "<group>";
		};
		CF6CEA36D1E1A9410DFDED10 /* User Stories */ = {
			isa = PBXGroup;
			children = (
			);
			path = "User Stories";
			sourceTree = "<group>";
		};
/* End PBXGroup section */

/* Begin PBXNativeTarget section */
		2E3E5F971DCAD61C00198C9B /* ReverSing */ = {
			isa = PBXNativeTarget;
			buildConfigurationList = 2E3E5FAA1DCAD61C00198C9B /* Build configuration list for PBXNativeTarget "ReverSing" */;
			buildPhases = (
				0A94530281233850A2D1C963 /* [CP] Check Pods Manifest.lock */,
				2E3E5FC01DCADA9000198C9B /* ShellScript */,
				2E3E5F941DCAD61C00198C9B /* Sources */,
				2E3E5F951DCAD61C00198C9B /* Frameworks */,
				2E3E5F961DCAD61C00198C9B /* Resources */,
				D97FE7A13E24741546600DF9 /* [CP] Embed Pods Frameworks */,
				A3C561451BAC032C3A48ED37 /* [CP] Copy Pods Resources */,
			);
			buildRules = (
			);
			dependencies = (
			);
			name = ReverSing;
			productName = ReverSing;
			productReference = 2E3E5F981DCAD61C00198C9B /* ReverSing.app */;
			productType = "com.apple.product-type.application";
		};
/* End PBXNativeTarget section */

/* Begin PBXProject section */
		2E3E5F901DCAD61C00198C9B /* Project object */ = {
			isa = PBXProject;
			attributes = {
				LastSwiftUpdateCheck = 0800;
				LastUpgradeCheck = 0800;
				ORGANIZATIONNAME = iMacDev;
				TargetAttributes = {
					2E3E5F971DCAD61C00198C9B = {
						CreatedOnToolsVersion = 8.0;
						DevelopmentTeam = 5HRLMFUWVY;
						ProvisioningStyle = Automatic;
					};
				};
			};
			buildConfigurationList = 2E3E5F931DCAD61C00198C9B /* Build configuration list for PBXProject "ReverSing" */;
			compatibilityVersion = "Xcode 3.2";
			developmentRegion = English;
			hasScannedForEncodings = 0;
			knownRegions = (
				en,
				Base,
			);
			mainGroup = 2E3E5F8F1DCAD61C00198C9B;
			productRefGroup = 2E3E5F991DCAD61C00198C9B /* Products */;
			projectDirPath = "";
			projectRoot = "";
			targets = (
				2E3E5F971DCAD61C00198C9B /* ReverSing */,
			);
		};
/* End PBXProject section */

/* Begin PBXResourcesBuildPhase section */
		2E3E5F961DCAD61C00198C9B /* Resources */ = {
			isa = PBXResourcesBuildPhase;
			buildActionMask = 2147483647;
			files = (
				2E3E5FBB1DCAD79F00198C9B /* Main.storyboard in Resources */,
				2E3E5FB91DCAD79F00198C9B /* Assets.xcassets in Resources */,
				2E3E5FBA1DCAD79F00198C9B /* LaunchScreen.storyboard in Resources */,
			);
			runOnlyForDeploymentPostprocessing = 0;
		};
/* End PBXResourcesBuildPhase section */

/* Begin PBXShellScriptBuildPhase section */
		0A94530281233850A2D1C963 /* [CP] Check Pods Manifest.lock */ = {
			isa = PBXShellScriptBuildPhase;
			buildActionMask = 2147483647;
			files = (
			);
			inputPaths = (
			);
			name = "[CP] Check Pods Manifest.lock";
			outputPaths = (
			);
			runOnlyForDeploymentPostprocessing = 0;
			shellPath = /bin/sh;
			shellScript = "diff \"${PODS_ROOT}/../Podfile.lock\" \"${PODS_ROOT}/Manifest.lock\" > /dev/null\nif [ $? != 0 ] ; then\n    # print error to STDERR\n    echo \"error: The sandbox is not in sync with the Podfile.lock. Run 'pod install' or update your CocoaPods installation.\" >&2\n    exit 1\nfi\n";
			showEnvVarsInLog = 0;
		};
		2E3E5FC01DCADA9000198C9B /* ShellScript */ = {
			isa = PBXShellScriptBuildPhase;
			buildActionMask = 2147483647;
			files = (
			);
			inputPaths = (
			);
			outputPaths = (
			);
			runOnlyForDeploymentPostprocessing = 0;
			shellPath = /bin/sh;
			shellScript = "\"$PODS_ROOT/R.swift/rswift\" \"$SRCROOT/ReverSing/Resources/Generated\"";
		};
		A3C561451BAC032C3A48ED37 /* [CP] Copy Pods Resources */ = {
			isa = PBXShellScriptBuildPhase;
			buildActionMask = 2147483647;
			files = (
			);
			inputPaths = (
			);
			name = "[CP] Copy Pods Resources";
			outputPaths = (
			);
			runOnlyForDeploymentPostprocessing = 0;
			shellPath = /bin/sh;
			shellScript = "\"${SRCROOT}/Pods/Target Support Files/Pods-ReverSing/Pods-ReverSing-resources.sh\"\n";
			showEnvVarsInLog = 0;
		};
		D97FE7A13E24741546600DF9 /* [CP] Embed Pods Frameworks */ = {
			isa = PBXShellScriptBuildPhase;
			buildActionMask = 2147483647;
			files = (
			);
			inputPaths = (
			);
			name = "[CP] Embed Pods Frameworks";
			outputPaths = (
			);
			runOnlyForDeploymentPostprocessing = 0;
			shellPath = /bin/sh;
			shellScript = "\"${SRCROOT}/Pods/Target Support Files/Pods-ReverSing/Pods-ReverSing-frameworks.sh\"\n";
			showEnvVarsInLog = 0;
		};
/* End PBXShellScriptBuildPhase section */

/* Begin PBXSourcesBuildPhase section */
		2E3E5F941DCAD61C00198C9B /* Sources */ = {
			isa = PBXSourcesBuildPhase;
			buildActionMask = 2147483647;
			files = (
				2E3E5FB11DCAD73500198C9B /* ViewController.swift in Sources */,
				2E3E5FB01DCAD73500198C9B /* AppDelegate.swift in Sources */,
				2E3E5FC21DCADB4E00198C9B /* R.generated.swift in Sources */,
			);
			runOnlyForDeploymentPostprocessing = 0;
		};
/* End PBXSourcesBuildPhase section */

/* Begin XCBuildConfiguration section */
		2E3E5FA81DCAD61C00198C9B /* Debug */ = {
			isa = XCBuildConfiguration;
			buildSettings = {
				ALWAYS_SEARCH_USER_PATHS = NO;
				CLANG_ANALYZER_NONNULL = YES;
				CLANG_CXX_LANGUAGE_STANDARD = "gnu++0x";
				CLANG_CXX_LIBRARY = "libc++";
				CLANG_ENABLE_MODULES = YES;
				CLANG_ENABLE_OBJC_ARC = YES;
				CLANG_WARN_BOOL_CONVERSION = YES;
				CLANG_WARN_CONSTANT_CONVERSION = YES;
				CLANG_WARN_DIRECT_OBJC_ISA_USAGE = YES_ERROR;
				CLANG_WARN_DOCUMENTATION_COMMENTS = YES;
				CLANG_WARN_EMPTY_BODY = YES;
				CLANG_WARN_ENUM_CONVERSION = YES;
				CLANG_WARN_INFINITE_RECURSION = YES;
				CLANG_WARN_INT_CONVERSION = YES;
				CLANG_WARN_OBJC_ROOT_CLASS = YES_ERROR;
				CLANG_WARN_SUSPICIOUS_MOVES = YES;
				CLANG_WARN_UNREACHABLE_CODE = YES;
				CLANG_WARN__DUPLICATE_METHOD_MATCH = YES;
				"CODE_SIGN_IDENTITY[sdk=iphoneos*]" = "iPhone Developer";
				COPY_PHASE_STRIP = NO;
				DEBUG_INFORMATION_FORMAT = dwarf;
				ENABLE_STRICT_OBJC_MSGSEND = YES;
				ENABLE_TESTABILITY = YES;
				GCC_C_LANGUAGE_STANDARD = gnu99;
				GCC_DYNAMIC_NO_PIC = NO;
				GCC_NO_COMMON_BLOCKS = YES;
				GCC_OPTIMIZATION_LEVEL = 0;
				GCC_PREPROCESSOR_DEFINITIONS = (
					"DEBUG=1",
					"$(inherited)",
				);
				GCC_WARN_64_TO_32_BIT_CONVERSION = YES;
				GCC_WARN_ABOUT_RETURN_TYPE = YES_ERROR;
				GCC_WARN_UNDECLARED_SELECTOR = YES;
				GCC_WARN_UNINITIALIZED_AUTOS = YES_AGGRESSIVE;
				GCC_WARN_UNUSED_FUNCTION = YES;
				GCC_WARN_UNUSED_VARIABLE = YES;
				IPHONEOS_DEPLOYMENT_TARGET = 10.0;
				MTL_ENABLE_DEBUG_INFO = YES;
				ONLY_ACTIVE_ARCH = YES;
				SDKROOT = iphoneos;
				SWIFT_ACTIVE_COMPILATION_CONDITIONS = DEBUG;
				SWIFT_OPTIMIZATION_LEVEL = "-Onone";
				TARGETED_DEVICE_FAMILY = "1,2";
			};
			name = Debug;
		};
		2E3E5FA91DCAD61C00198C9B /* Release */ = {
			isa = XCBuildConfiguration;
			buildSettings = {
				ALWAYS_SEARCH_USER_PATHS = NO;
				CLANG_ANALYZER_NONNULL = YES;
				CLANG_CXX_LANGUAGE_STANDARD = "gnu++0x";
				CLANG_CXX_LIBRARY = "libc++";
				CLANG_ENABLE_MODULES = YES;
				CLANG_ENABLE_OBJC_ARC = YES;
				CLANG_WARN_BOOL_CONVERSION = YES;
				CLANG_WARN_CONSTANT_CONVERSION = YES;
				CLANG_WARN_DIRECT_OBJC_ISA_USAGE = YES_ERROR;
				CLANG_WARN_DOCUMENTATION_COMMENTS = YES;
				CLANG_WARN_EMPTY_BODY = YES;
				CLANG_WARN_ENUM_CONVERSION = YES;
				CLANG_WARN_INFINITE_RECURSION = YES;
				CLANG_WARN_INT_CONVERSION = YES;
				CLANG_WARN_OBJC_ROOT_CLASS = YES_ERROR;
				CLANG_WARN_SUSPICIOUS_MOVES = YES;
				CLANG_WARN_UNREACHABLE_CODE = YES;
				CLANG_WARN__DUPLICATE_METHOD_MATCH = YES;
				"CODE_SIGN_IDENTITY[sdk=iphoneos*]" = "iPhone Developer";
				COPY_PHASE_STRIP = NO;
				DEBUG_INFORMATION_FORMAT = "dwarf-with-dsym";
				ENABLE_NS_ASSERTIONS = NO;
				ENABLE_STRICT_OBJC_MSGSEND = YES;
				GCC_C_LANGUAGE_STANDARD = gnu99;
				GCC_NO_COMMON_BLOCKS = YES;
				GCC_WARN_64_TO_32_BIT_CONVERSION = YES;
				GCC_WARN_ABOUT_RETURN_TYPE = YES_ERROR;
				GCC_WARN_UNDECLARED_SELECTOR = YES;
				GCC_WARN_UNINITIALIZED_AUTOS = YES_AGGRESSIVE;
				GCC_WARN_UNUSED_FUNCTION = YES;
				GCC_WARN_UNUSED_VARIABLE = YES;
				IPHONEOS_DEPLOYMENT_TARGET = 10.0;
				MTL_ENABLE_DEBUG_INFO = NO;
				SDKROOT = iphoneos;
				SWIFT_OPTIMIZATION_LEVEL = "-Owholemodule";
				TARGETED_DEVICE_FAMILY = "1,2";
				VALIDATE_PRODUCT = YES;
			};
			name = Release;
		};
		2E3E5FAB1DCAD61C00198C9B /* Debug */ = {
			isa = XCBuildConfiguration;
			baseConfigurationReference = 0A07DEC5C7C40836C8A5A6E5 /* Pods-ReverSing.debug.xcconfig */;
			buildSettings = {
				ASSETCATALOG_COMPILER_APPICON_NAME = AppIcon;
				DEVELOPMENT_TEAM = 5HRLMFUWVY;
				INFOPLIST_FILE = ReverSing/Info.plist;
				LD_RUNPATH_SEARCH_PATHS = "$(inherited) @executable_path/Frameworks";
				PRODUCT_BUNDLE_IDENTIFIER = imacdev.ReverSing;
				PRODUCT_NAME = "$(TARGET_NAME)";
				SWIFT_VERSION = 3.0;
			};
			name = Debug;
		};
		2E3E5FAC1DCAD61C00198C9B /* Release */ = {
			isa = XCBuildConfiguration;
			baseConfigurationReference = BE5C5C8A14C8198B6A4222AD /* Pods-ReverSing.release.xcconfig */;
			buildSettings = {
				ASSETCATALOG_COMPILER_APPICON_NAME = AppIcon;
				DEVELOPMENT_TEAM = 5HRLMFUWVY;
				INFOPLIST_FILE = ReverSing/Info.plist;
				LD_RUNPATH_SEARCH_PATHS = "$(inherited) @executable_path/Frameworks";
				PRODUCT_BUNDLE_IDENTIFIER = imacdev.ReverSing;
				PRODUCT_NAME = "$(TARGET_NAME)";
				SWIFT_VERSION = 3.0;
			};
			name = Release;
		};
/* End XCBuildConfiguration section */

/* Begin XCConfigurationList section */
		2E3E5F931DCAD61C00198C9B /* Build configuration list for PBXProject "ReverSing" */ = {
			isa = XCConfigurationList;
			buildConfigurations = (
				2E3E5FA81DCAD61C00198C9B /* Debug */,
				2E3E5FA91DCAD61C00198C9B /* Release */,
			);
			defaultConfigurationIsVisible = 0;
			defaultConfigurationName = Release;
		};
		2E3E5FAA1DCAD61C00198C9B /* Build configuration list for PBXNativeTarget "ReverSing" */ = {
			isa = XCConfigurationList;
			buildConfigurations = (
				2E3E5FAB1DCAD61C00198C9B /* Debug */,
				2E3E5FAC1DCAD61C00198C9B /* Release */,
			);
			defaultConfigurationIsVisible = 0;
			defaultConfigurationName = Release;
		};
/* End XCConfigurationList section */
	};
	rootObject = 2E3E5F901DCAD61C00198C9B /* Project object */;
}
